
Microsoft Visual Studio Solution File, Format Version 12.00
# Visual Studio Version 16
VisualStudioVersion = 16.0.29806.167
MinimumVisualStudioVersion = 10.0.40219.1
Project("{FAE04EC0-301F-11D3-BF4B-00C04F79EFBC}") = "SHIELDAgents.UWP", "SHIELDAgents\SHIELDAgents.UWP\SHIELDAgents.UWP.csproj", "{2F4695C3-3180-48F5-8E8A-B74DE018983B}"
EndProject
Project("{FAE04EC0-301F-11D3-BF4B-00C04F79EFBC}") = "SHIELDAgents.Android", "SHIELDAgents\SHIELDAgents.Android\SHIELDAgents.Android.csproj", "{5E606518-E933-4682-9041-F5C5AD9D4D48}"
EndProject
Project("{FAE04EC0-301F-11D3-BF4B-00C04F79EFBC}") = "SHIELDAgents.iOS", "SHIELDAgents\SHIELDAgents.iOS\SHIELDAgents.iOS.csproj", "{F830BB7E-8F4C-4598-A46D-BCBD914A946F}"
EndProject
Project("{FAE04EC0-301F-11D3-BF4B-00C04F79EFBC}") = "SHIELDAgents", "SHIELDAgents\SHIELDAgents\SHIELDAgents.csproj", "{DA229345-EAB2-4579-AA0D-8E6B310BB3A9}"
EndProject
Global
	GlobalSection(SolutionConfigurationPlatforms) = preSolution
		Debug|Any CPU = Debug|Any CPU
		Debug|ARM = Debug|ARM
		Debug|iPhone = Debug|iPhone
		Debug|iPhoneSimulator = Debug|iPhoneSimulator
		Debug|x64 = Debug|x64
		Debug|x86 = Debug|x86
		Release|Any CPU = Release|Any CPU
		Release|ARM = Release|ARM
		Release|iPhone = Release|iPhone
		Release|iPhoneSimulator = Release|iPhoneSimulator
		Release|x64 = Release|x64
		Release|x86 = Release|x86
	EndGlobalSection
	GlobalSection(ProjectConfigurationPlatforms) = postSolution
		{2F4695C3-3180-48F5-8E8A-B74DE018983B}.Debug|Any CPU.ActiveCfg = Debug|x86
		{2F4695C3-3180-48F5-8E8A-B74DE018983B}.Debug|Any CPU.Build.0 = Debug|x86
		{2F4695C3-3180-48F5-8E8A-B74DE018983B}.Debug|Any CPU.Deploy.0 = Debug|x86
		{2F4695C3-3180-48F5-8E8A-B74DE018983B}.Debug|ARM.ActiveCfg = Debug|ARM
		{2F4695C3-3180-48F5-8E8A-B74DE018983B}.Debug|ARM.Build.0 = Debug|ARM
		{2F4695C3-3180-48F5-8E8A-B74DE018983B}.Debug|ARM.Deploy.0 = Debug|ARM
		{2F4695C3-3180-48F5-8E8A-B74DE018983B}.Debug|iPhone.ActiveCfg = Debug|x86
		{2F4695C3-3180-48F5-8E8A-B74DE018983B}.Debug|iPhone.Build.0 = Debug|x86
		{2F4695C3-3180-48F5-8E8A-B74DE018983B}.Debug|iPhone.Deploy.0 = Debug|x86
		{2F4695C3-3180-48F5-8E8A-B74DE018983B}.Debug|iPhoneSimulator.ActiveCfg = Debug|x86
		{2F4695C3-3180-48F5-8E8A-B74DE018983B}.Debug|iPhoneSimulator.Build.0 = Debug|x86
		{2F4695C3-3180-48F5-8E8A-B74DE018983B}.Debug|iPhoneSimulator.Deploy.0 = Debug|x86
		{2F4695C3-3180-48F5-8E8A-B74DE018983B}.Debug|x64.ActiveCfg = Debug|x64
		{2F4695C3-3180-48F5-8E8A-B74DE018983B}.Debug|x64.Build.0 = Debug|x64
		{2F4695C3-3180-48F5-8E8A-B74DE018983B}.Debug|x64.Deploy.0 = Debug|x64
		{2F4695C3-3180-48F5-8E8A-B74DE018983B}.Debug|x86.ActiveCfg = Debug|x86
		{2F4695C3-3180-48F5-8E8A-B74DE018983B}.Debug|x86.Build.0 = Debug|x86
		{2F4695C3-3180-48F5-8E8A-B74DE018983B}.Debug|x86.Deploy.0 = Debug|x86
		{2F4695C3-3180-48F5-8E8A-B74DE018983B}.Release|Any CPU.ActiveCfg = Release|x86
		{2F4695C3-3180-48F5-8E8A-B74DE018983B}.Release|Any CPU.Build.0 = Release|x86
		{2F4695C3-3180-48F5-8E8A-B74DE018983B}.Release|Any CPU.Deploy.0 = Release|x86
		{2F4695C3-3180-48F5-8E8A-B74DE018983B}.Release|ARM.ActiveCfg = Release|ARM
		{2F4695C3-3180-48F5-8E8A-B74DE018983B}.Release|ARM.Build.0 = Release|ARM
		{2F4695C3-3180-48F5-8E8A-B74DE018983B}.Release|ARM.Deploy.0 = Release|ARM
		{2F4695C3-3180-48F5-8E8A-B74DE018983B}.Release|iPhone.ActiveCfg = Release|x86
		{2F4695C3-3180-48F5-8E8A-B74DE018983B}.Release|iPhone.Build.0 = Release|x86
		{2F4695C3-3180-48F5-8E8A-B74DE018983B}.Release|iPhone.Deploy.0 = Release|x86
		{2F4695C3-3180-48F5-8E8A-B74DE018983B}.Release|iPhoneSimulator.ActiveCfg = Release|x86
		{2F4695C3-3180-48F5-8E8A-B74DE018983B}.Release|iPhoneSimulator.Build.0 = Release|x86
		{2F4695C3-3180-48F5-8E8A-B74DE018983B}.Release|iPhoneSimulator.Deploy.0 = Release|x86
		{2F4695C3-3180-48F5-8E8A-B74DE018983B}.Release|x64.ActiveCfg = Release|x64
		{2F4695C3-3180-48F5-8E8A-B74DE018983B}.Release|x64.Build.0 = Release|x64
		{2F4695C3-3180-48F5-8E8A-B74DE018983B}.Release|x64.Deploy.0 = Release|x64
		{2F4695C3-3180-48F5-8E8A-B74DE018983B}.Release|x86.ActiveCfg = Release|x86
		{2F4695C3-3180-48F5-8E8A-B74DE018983B}.Release|x86.Build.0 = Release|x86
		{2F4695C3-3180-48F5-8E8A-B74DE018983B}.Release|x86.Deploy.0 = Release|x86
		{5E606518-E933-4682-9041-F5C5AD9D4D48}.Debug|Any CPU.ActiveCfg = Debug|Any CPU
		{5E606518-E933-4682-9041-F5C5AD9D4D48}.Debug|Any CPU.Build.0 = Debug|Any CPU
		{5E606518-E933-4682-9041-F5C5AD9D4D48}.Debug|Any CPU.Deploy.0 = Debug|Any CPU
		{5E606518-E933-4682-9041-F5C5AD9D4D48}.Debug|ARM.ActiveCfg = Debug|Any CPU
		{5E606518-E933-4682-9041-F5C5AD9D4D48}.Debug|ARM.Build.0 = Debug|Any CPU
		{5E606518-E933-4682-9041-F5C5AD9D4D48}.Debug|ARM.Deploy.0 = Debug|Any CPU
		{5E606518-E933-4682-9041-F5C5AD9D4D48}.Debug|iPhone.ActiveCfg = Debug|Any CPU
		{5E606518-E933-4682-9041-F5C5AD9D4D48}.Debug|iPhone.Build.0 = Debug|Any CPU
		{5E606518-E933-4682-9041-F5C5AD9D4D48}.Debug|iPhone.Deploy.0 = Debug|Any CPU
		{5E606518-E933-4682-9041-F5C5AD9D4D48}.Debug|iPhoneSimulator.ActiveCfg = Debug|Any CPU
		{5E606518-E933-4682-9041-F5C5AD9D4D48}.Debug|iPhoneSimulator.Build.0 = Debug|Any CPU
		{5E606518-E933-4682-9041-F5C5AD9D4D48}.Debug|iPhoneSimulator.Deploy.0 = Debug|Any CPU
		{5E606518-E933-4682-9041-F5C5AD9D4D48}.Debug|x64.ActiveCfg = Debug|Any CPU
		{5E606518-E933-4682-9041-F5C5AD9D4D48}.Debug|x64.Build.0 = Debug|Any CPU
		{5E606518-E933-4682-9041-F5C5AD9D4D48}.Debug|x64.Deploy.0 = Debug|Any CPU
		{5E606518-E933-4682-9041-F5C5AD9D4D48}.Debug|x86.ActiveCfg = Debug|Any CPU
		{5E606518-E933-4682-9041-F5C5AD9D4D48}.Debug|x86.Build.0 = Debug|Any CPU
		{5E606518-E933-4682-9041-F5C5AD9D4D48}.Debug|x86.Deploy.0 = Debug|Any CPU
		{5E606518-E933-4682-9041-F5C5AD9D4D48}.Release|Any CPU.ActiveCfg = Release|Any CPU
		{5E606518-E933-4682-9041-F5C5AD9D4D48}.Release|Any CPU.Build.0 = Release|Any CPU
		{5E606518-E933-4682-9041-F5C5AD9D4D48}.Release|Any CPU.Deploy.0 = Release|Any CPU
		{5E606518-E933-4682-9041-F5C5AD9D4D48}.Release|ARM.ActiveCfg = Release|Any CPU
		{5E606518-E933-4682-9041-F5C5AD9D4D48}.Release|ARM.Build.0 = Release|Any CPU
		{5E606518-E933-4682-9041-F5C5AD9D4D48}.Release|ARM.Deploy.0 = Release|Any CPU
		{5E606518-E933-4682-9041-F5C5AD9D4D48}.Release|iPhone.ActiveCfg = Release|Any CPU
		{5E606518-E933-4682-9041-F5C5AD9D4D48}.Release|iPhone.Build.0 = Release|Any CPU
		{5E606518-E933-4682-9041-F5C5AD9D4D48}.Release|iPhone.Deploy.0 = Release|Any CPU
		{5E606518-E933-4682-9041-F5C5AD9D4D48}.Release|iPhoneSimulator.ActiveCfg = Release|Any CPU
		{5E606518-E933-4682-9041-F5C5AD9D4D48}.Release|iPhoneSimulator.Build.0 = Release|Any CPU
		{5E606518-E933-4682-9041-F5C5AD9D4D48}.Release|iPhoneSimulator.Deploy.0 = Release|Any CPU
		{5E606518-E933-4682-9041-F5C5AD9D4D48}.Release|x64.ActiveCfg = Release|Any CPU
		{5E606518-E933-4682-9041-F5C5AD9D4D48}.Release|x64.Build.0 = Release|Any CPU
		{5E606518-E933-4682-9041-F5C5AD9D4D48}.Release|x64.Deploy.0 = Release|Any CPU
		{5E606518-E933-4682-9041-F5C5AD9D4D48}.Release|x86.ActiveCfg = Release|Any CPU
		{5E606518-E933-4682-9041-F5C5AD9D4D48}.Release|x86.Build.0 = Release|Any CPU
		{5E606518-E933-4682-9041-F5C5AD9D4D48}.Release|x86.Deploy.0 = Release|Any CPU
		{F830BB7E-8F4C-4598-A46D-BCBD914A946F}.Debug|Any CPU.ActiveCfg = Debug|iPhone
		{F830BB7E-8F4C-4598-A46D-BCBD914A946F}.Debug|Any CPU.Build.0 = Debug|iPhone
		{F830BB7E-8F4C-4598-A46D-BCBD914A946F}.Debug|Any CPU.Deploy.0 = Debug|iPhone
		{F830BB7E-8F4C-4598-A46D-BCBD914A946F}.Debug|ARM.ActiveCfg = Debug|iPhoneSimulator
		{F830BB7E-8F4C-4598-A46D-BCBD914A946F}.Debug|ARM.Build.0 = Debug|iPhoneSimulator
		{F830BB7E-8F4C-4598-A46D-BCBD914A946F}.Debug|ARM.Deploy.0 = Debug|iPhoneSimulator
		{F830BB7E-8F4C-4598-A46D-BCBD914A946F}.Debug|iPhone.ActiveCfg = Debug|iPhone
		{F830BB7E-8F4C-4598-A46D-BCBD914A946F}.Debug|iPhone.Build.0 = Debug|iPhone
		{F830BB7E-8F4C-4598-A46D-BCBD914A946F}.Debug|iPhone.Deploy.0 = Debug|iPhone
		{F830BB7E-8F4C-4598-A46D-BCBD914A946F}.Debug|iPhoneSimulator.ActiveCfg = Debug|iPhoneSimulator
		{F830BB7E-8F4C-4598-A46D-BCBD914A946F}.Debug|iPhoneSimulator.Build.0 = Debug|iPhoneSimulator
		{F830BB7E-8F4C-4598-A46D-BCBD914A946F}.Debug|iPhoneSimulator.Deploy.0 = Debug|iPhoneSimulator
		{F830BB7E-8F4C-4598-A46D-BCBD914A946F}.Debug|x64.ActiveCfg = Debug|iPhone
		{F830BB7E-8F4C-4598-A46D-BCBD914A946F}.Debug|x64.Build.0 = Debug|iPhone
		{F830BB7E-8F4C-4598-A46D-BCBD914A946F}.Debug|x64.Deploy.0 = Debug|iPhone
		{F830BB7E-8F4C-4598-A46D-BCBD914A946F}.Debug|x86.ActiveCfg = Debug|iPhone
		{F830BB7E-8F4C-4598-A46D-BCBD914A946F}.Debug|x86.Build.0 = Debug|iPhone
		{F830BB7E-8F4C-4598-A46D-BCBD914A946F}.Debug|x86.Deploy.0 = Debug|iPhone
		{F830BB7E-8F4C-4598-A46D-BCBD914A946F}.Release|Any CPU.ActiveCfg = Release|iPhone
		{F830BB7E-8F4C-4598-A46D-BCBD914A946F}.Release|Any CPU.Build.0 = Release|iPhone
		{F830BB7E-8F4C-4598-A46D-BCBD914A946F}.Release|Any CPU.Deploy.0 = Release|iPhone
		{F830BB7E-8F4C-4598-A46D-BCBD914A946F}.Release|ARM.ActiveCfg = Release|iPhone
		{F830BB7E-8F4C-4598-A46D-BCBD914A946F}.Release|ARM.Build.0 = Release|iPhone
		{F830BB7E-8F4C-4598-A46D-BCBD914A946F}.Release|ARM.Deploy.0 = Release|iPhone
		{F830BB7E-8F4C-4598-A46D-BCBD914A946F}.Release|iPhone.ActiveCfg = Release|iPhone
		{F830BB7E-8F4C-4598-A46D-BCBD914A946F}.Release|iPhone.Build.0 = Release|iPhone
		{F830BB7E-8F4C-4598-A46D-BCBD914A946F}.Release|iPhone.Deploy.0 = Release|iPhone
		{F830BB7E-8F4C-4598-A46D-BCBD914A946F}.Release|iPhoneSimulator.ActiveCfg = Release|iPhoneSimulator
		{F830BB7E-8F4C-4598-A46D-BCBD914A946F}.Release|iPhoneSimulator.Build.0 = Release|iPhoneSimulator
		{F830BB7E-8F4C-4598-A46D-BCBD914A946F}.Release|iPhoneSimulator.Deploy.0 = Release|iPhoneSimulator
		{F830BB7E-8F4C-4598-A46D-BCBD914A946F}.Release|x64.ActiveCfg = Release|iPhone
		{F830BB7E-8F4C-4598-A46D-BCBD914A946F}.Release|x64.Build.0 = Release|iPhone
		{F830BB7E-8F4C-4598-A46D-BCBD914A946F}.Release|x64.Deploy.0 = Release|iPhone
		{F830BB7E-8F4C-4598-A46D-BCBD914A946F}.Release|x86.ActiveCfg = Release|iPhone
		{F830BB7E-8F4C-4598-A46D-BCBD914A946F}.Release|x86.Build.0 = Release|iPhone
		{F830BB7E-8F4C-4598-A46D-BCBD914A946F}.Release|x86.Deploy.0 = Release|iPhone
		{DA229345-EAB2-4579-AA0D-8E6B310BB3A9}.Debug|Any CPU.ActiveCfg = Debug|Any CPU
		{DA229345-EAB2-4579-AA0D-8E6B310BB3A9}.Debug|Any CPU.Build.0 = Debug|Any CPU
		{DA229345-EAB2-4579-AA0D-8E6B310BB3A9}.Debug|Any CPU.Deploy.0 = Debug|Any CPU
		{DA229345-EAB2-4579-AA0D-8E6B310BB3A9}.Debug|ARM.ActiveCfg = Debug|Any CPU
		{DA229345-EAB2-4579-AA0D-8E6B310BB3A9}.Debug|ARM.Build.0 = Debug|Any CPU
		{DA229345-EAB2-4579-AA0D-8E6B310BB3A9}.Debug|ARM.Deploy.0 = Debug|Any CPU
		{DA229345-EAB2-4579-AA0D-8E6B310BB3A9}.Debug|iPhone.ActiveCfg = Debug|Any CPU
		{DA229345-EAB2-4579-AA0D-8E6B310BB3A9}.Debug|iPhone.Build.0 = Debug|Any CPU
		{DA229345-EAB2-4579-AA0D-8E6B310BB3A9}.Debug|iPhone.Deploy.0 = Debug|Any CPU
		{DA229345-EAB2-4579-AA0D-8E6B310BB3A9}.Debug|iPhoneSimulator.ActiveCfg = Debug|Any CPU
		{DA229345-EAB2-4579-AA0D-8E6B310BB3A9}.Debug|iPhoneSimulator.Build.0 = Debug|Any CPU
		{DA229345-EAB2-4579-AA0D-8E6B310BB3A9}.Debug|iPhoneSimulator.Deploy.0 = Debug|Any CPU
		{DA229345-EAB2-4579-AA0D-8E6B310BB3A9}.Debug|x64.ActiveCfg = Debug|Any CPU
		{DA229345-EAB2-4579-AA0D-8E6B310BB3A9}.Debug|x64.Build.0 = Debug|Any CPU
		{DA229345-EAB2-4579-AA0D-8E6B310BB3A9}.Debug|x64.Deploy.0 = Debug|Any CPU
		{DA229345-EAB2-4579-AA0D-8E6B310BB3A9}.Debug|x86.ActiveCfg = Debug|Any CPU
		{DA229345-EAB2-4579-AA0D-8E6B310BB3A9}.Debug|x86.Build.0 = Debug|Any CPU
		{DA229345-EAB2-4579-AA0D-8E6B310BB3A9}.Debug|x86.Deploy.0 = Debug|Any CPU
		{DA229345-EAB2-4579-AA0D-8E6B310BB3A9}.Release|Any CPU.ActiveCfg = Release|Any CPU
		{DA229345-EAB2-4579-AA0D-8E6B310BB3A9}.Release|Any CPU.Build.0 = Release|Any CPU
		{DA229345-EAB2-4579-AA0D-8E6B310BB3A9}.Release|Any CPU.Deploy.0 = Release|Any CPU
		{DA229345-EAB2-4579-AA0D-8E6B310BB3A9}.Release|ARM.ActiveCfg = Release|Any CPU
		{DA229345-EAB2-4579-AA0D-8E6B310BB3A9}.Release|ARM.Build.0 = Release|Any CPU
		{DA229345-EAB2-4579-AA0D-8E6B310BB3A9}.Release|ARM.Deploy.0 = Release|Any CPU
		{DA229345-EAB2-4579-AA0D-8E6B310BB3A9}.Release|iPhone.ActiveCfg = Release|Any CPU
		{DA229345-EAB2-4579-AA0D-8E6B310BB3A9}.Release|iPhone.Build.0 = Release|Any CPU
		{DA229345-EAB2-4579-AA0D-8E6B310BB3A9}.Release|iPhone.Deploy.0 = Release|Any CPU
		{DA229345-EAB2-4579-AA0D-8E6B310BB3A9}.Release|iPhoneSimulator.ActiveCfg = Release|Any CPU
		{DA229345-EAB2-4579-AA0D-8E6B310BB3A9}.Release|iPhoneSimulator.Build.0 = Release|Any CPU
		{DA229345-EAB2-4579-AA0D-8E6B310BB3A9}.Release|iPhoneSimulator.Deploy.0 = Release|Any CPU
		{DA229345-EAB2-4579-AA0D-8E6B310BB3A9}.Release|x64.ActiveCfg = Release|Any CPU
		{DA229345-EAB2-4579-AA0D-8E6B310BB3A9}.Release|x64.Build.0 = Release|Any CPU
		{DA229345-EAB2-4579-AA0D-8E6B310BB3A9}.Release|x64.Deploy.0 = Release|Any CPU
		{DA229345-EAB2-4579-AA0D-8E6B310BB3A9}.Release|x86.ActiveCfg = Release|Any CPU
		{DA229345-EAB2-4579-AA0D-8E6B310BB3A9}.Release|x86.Build.0 = Release|Any CPU
		{DA229345-EAB2-4579-AA0D-8E6B310BB3A9}.Release|x86.Deploy.0 = Release|Any CPU
	EndGlobalSection
	GlobalSection(SolutionProperties) = preSolution
		HideSolutionNode = FALSE
	EndGlobalSection
	GlobalSection(ExtensibilityGlobals) = postSolution
		SolutionGuid = {2E598E13-DCCE-4D42-A558-E32C4F4F1D06}
	EndGlobalSection
EndGlobal
